
Microsoft Visual Studio Solution File, Format Version 12.00
# Visual Studio Version 17
VisualStudioVersion = 17.13.35825.156 d17.13
MinimumVisualStudioVersion = 10.0.40219.1
Project("{C9674DCB-5085-4A16-B785-4C70DD1589BD}") = "ETL_NO_SQL", "ETL_NO_SQL\ETL_NO_SQL.dtproj", "{001F38FF-197C-30A6-3FEC-395DCC36C81A}"
EndProject
Global
	GlobalSection(SolutionConfigurationPlatforms) = preSolution
		Development|Default = Development|Default
	EndGlobalSection
	GlobalSection(ProjectConfigurationPlatforms) = postSolution
		{001F38FF-197C-30A6-3FEC-395DCC36C81A}.Development|Default.ActiveCfg = Development
		{001F38FF-197C-30A6-3FEC-395DCC36C81A}.Development|Default.Build.0 = Development
	EndGlobalSection
	GlobalSection(SolutionProperties) = preSolution
		HideSolutionNode = FALSE
	EndGlobalSection
	GlobalSection(ExtensibilityGlobals) = postSolution
		SolutionGuid = {EA627654-C268-48A7-BF3A-64B0084EE0FC}
	EndGlobalSection
EndGlobal
